<?xml version="1.0" encoding="utf-8"?>
<Project ToolsVersion="4.0" xmlns="http://schemas.microsoft.com/developer/msbuild/2003">
  <ItemGroup>
    <Filter Include="资源文件">
      <UniqueIdentifier>{67DA6AB6-F800-4c08-8B7A-83BB121AAD01}</UniqueIdentifier>
      <Extensions>rc;ico;cur;bmp;dlg;rc2;rct;bin;rgs;gif;jpg;jpeg;jpe;resx;tiff;tif;png;wav;mfcribbon-ms</Extensions>
    </Filter>
    <Filter Include="Src">
      <UniqueIdentifier>{070b8ff5-c642-4ae4-9f8b-5b50f63d96e3}</UniqueIdentifier>
    </Filter>
  </ItemGroup>
  <ItemGroup>
    <None Include="ReadMe.txt" />
    <None Include="small.ico">
      <Filter>资源文件</Filter>
    </None>
    <None Include="WinShell.ico">
      <Filter>资源文件</Filter>
    </None>
  </ItemGroup>
  <ItemGroup>
    <ClInclude Include="targetver.h">
      <Filter>Src</Filter>
    </ClInclude>
    <ClInclude Include="stdafx.h">
      <Filter>Src</Filter>
    </ClInclude>
    <ClInclude Include="Resource.h">
      <Filter>Src</Filter>
    </ClInclude>
    <ClInclude Include="WinShell.h">
      <Filter>Src</Filter>
    </ClInclude>
    <ClInclude Include="MciPlayer.h">
      <Filter>Src</Filter>
    </ClInclude>
    <ClInclude Include="SimpleAudioEngine.h">
      <Filter>Src</Filter>
    </ClInclude>
    <ClInclude Include="Win32SoundEngine.h">
      <Filter>Src</Filter>
    </ClInclude>
    <ClInclude Include="ShellInterfaceWin32.h">
      <Filter>Src</Filter>
    </ClInclude>
    <ClInclude Include="ConsoleUtility.h">
      <Filter>Src</Filter>
    </ClInclude>
    <ClInclude Include="Test.h">
      <Filter>Src</Filter>
    </ClInclude>
  </ItemGroup>
  <ItemGroup>
    <ClCompile Include="stdafx.cpp">
      <Filter>Src</Filter>
    </ClCompile>
    <ClCompile Include="WinShell.cpp">
      <Filter>Src</Filter>
    </ClCompile>
    <ClCompile Include="MciPlayer.cpp">
      <Filter>Src</Filter>
    </ClCompile>
    <ClCompile Include="SimpleAudioEngine.cpp">
      <Filter>Src</Filter>
    </ClCompile>
    <ClCompile Include="Win32SoundEngine.cpp">
      <Filter>Src</Filter>
    </ClCompile>
    <ClCompile Include="ShellInterfaceWin32.cpp">
      <Filter>Src</Filter>
    </ClCompile>
    <ClCompile Include="ConsoleUtility.cpp">
      <Filter>Src</Filter>
    </ClCompile>
    <ClCompile Include="Test.cpp">
      <Filter>Src</Filter>
    </ClCompile>
  </ItemGroup>
  <ItemGroup>
    <ResourceCompile Include="WinShell.rc">
      <Filter>资源文件</Filter>
    </ResourceCompile>
  </ItemGroup>
</Project>