Microsoft Visual Studio Solution File, Format Version 12.00
# Visual Studio Version 17
VisualStudioVersion = 17.14.36518.9 d17.14
MinimumVisualStudioVersion = 10.0.40219.1
Project("{8BC9CEB8-8B4A-11D0-8D11-00A0C91BC942}") = "WinShell", "WinShell\WinShell.vcxproj", "{74F249C2-57DF-4984-9741-2070B81CD840}"
	ProjectSection(ProjectDependencies) = postProject
		{EE504BF4-F574-3B62-B652-323639295C6E} = {EE504BF4-F574-3B62-B652-323639295C6E}
		{53A88C02-D202-379E-93A7-8B056CE1CE95} = {53A88C02-D202-379E-93A7-8B056CE1CE95}
		{89A11F92-D8D4-3675-B7C2-2E55724A9B72} = {89A11F92-D8D4-3675-B7C2-2E55724A9B72}
		{63A25D90-3638-3C08-98F5-E2BE6A0A9577} = {63A25D90-3638-3C08-98F5-E2BE6A0A9577}
	EndProjectSection
EndProject
Project("{8BC9CEB8-8B4A-11D0-8D11-00A0C91BC942}") = "GameClient", "..\..\Build\Src\GameClient.vcxproj", "{53A88C02-D202-379E-93A7-8B056CE1CE95}"
	ProjectSection(ProjectDependencies) = postProject
		{EE504BF4-F574-3B62-B652-323639295C6E} = {EE504BF4-F574-3B62-B652-323639295C6E}
		{89A11F92-D8D4-3675-B7C2-2E55724A9B72} = {89A11F92-D8D4-3675-B7C2-2E55724A9B72}
		{63A25D90-3638-3C08-98F5-E2BE6A0A9577} = {63A25D90-3638-3C08-98F5-E2BE6A0A9577}
	EndProjectSection
EndProject
Project("{8BC9CEB8-8B4A-11D0-8D11-00A0C91BC942}") = "Logic", "..\..\..\logic\Build\Src\Logic.vcxproj", "{89A11F92-D8D4-3675-B7C2-2E55724A9B72}"
	ProjectSection(ProjectDependencies) = postProject
		{EE504BF4-F574-3B62-B652-323639295C6E} = {EE504BF4-F574-3B62-B652-323639295C6E}
	EndProjectSection
EndProject
Project("{8BC9CEB8-8B4A-11D0-8D11-00A0C91BC942}") = "GameServer", "..\..\..\server\Build\src\GameServer.vcxproj", "{7C41DC6A-ACEE-3D4E-8A79-859E7A1D7AA4}"
	ProjectSection(ProjectDependencies) = postProject
		{EE504BF4-F574-3B62-B652-323639295C6E} = {EE504BF4-F574-3B62-B652-323639295C6E}
		{89A11F92-D8D4-3675-B7C2-2E55724A9B72} = {89A11F92-D8D4-3675-B7C2-2E55724A9B72}
	EndProjectSection
EndProject
Project("{8BC9CEB8-8B4A-11D0-8D11-00A0C91BC942}") = "Core", "..\..\..\..\engine-core\dev\engine\Build\Src\Core\Core.vcxproj", "{EE504BF4-F574-3B62-B652-323639295C6E}"
EndProject
Project("{8BC9CEB8-8B4A-11D0-8D11-00A0C91BC942}") = "GLES2Render", "..\..\..\..\engine-core\dev\engine\Build\Src\GLES2Render\GLES2Render.vcxproj", "{63A25D90-3638-3C08-98F5-E2BE6A0A9577}"
EndProject
Global
	GlobalSection(SolutionConfigurationPlatforms) = preSolution
		Debug|Mixed Platforms = Debug|Mixed Platforms
		Debug|Win32 = Debug|Win32
		Debug|x64 = Debug|x64
		Debug|x86 = Debug|x86
		MinSizeRel|Mixed Platforms = MinSizeRel|Mixed Platforms
		MinSizeRel|Win32 = MinSizeRel|Win32
		MinSizeRel|x64 = MinSizeRel|x64
		MinSizeRel|x86 = MinSizeRel|x86
		Release|Mixed Platforms = Release|Mixed Platforms
		Release|Win32 = Release|Win32
		Release|x64 = Release|x64
		Release|x86 = Release|x86
		RelWithDebInfo|Mixed Platforms = RelWithDebInfo|Mixed Platforms
		RelWithDebInfo|Win32 = RelWithDebInfo|Win32
		RelWithDebInfo|x64 = RelWithDebInfo|x64
		RelWithDebInfo|x86 = RelWithDebInfo|x86
	EndGlobalSection
	GlobalSection(ProjectConfigurationPlatforms) = postSolution
		{74F249C2-57DF-4984-9741-2070B81CD840}.Debug|Mixed Platforms.ActiveCfg = Debug|Win32
		{74F249C2-57DF-4984-9741-2070B81CD840}.Debug|Mixed Platforms.Build.0 = Debug|Win32
		{74F249C2-57DF-4984-9741-2070B81CD840}.Debug|Win32.ActiveCfg = Debug|Win32
		{74F249C2-57DF-4984-9741-2070B81CD840}.Debug|Win32.Build.0 = Debug|Win32
		{74F249C2-57DF-4984-9741-2070B81CD840}.Debug|x64.ActiveCfg = Debug|Win32
		{74F249C2-57DF-4984-9741-2070B81CD840}.Debug|x86.ActiveCfg = Debug|Win32
		{74F249C2-57DF-4984-9741-2070B81CD840}.Debug|x86.Build.0 = Debug|Win32
		{74F249C2-57DF-4984-9741-2070B81CD840}.MinSizeRel|Mixed Platforms.ActiveCfg = Release|Win32
		{74F249C2-57DF-4984-9741-2070B81CD840}.MinSizeRel|Mixed Platforms.Build.0 = Release|Win32
		{74F249C2-57DF-4984-9741-2070B81CD840}.MinSizeRel|Win32.ActiveCfg = Release|Win32
		{74F249C2-57DF-4984-9741-2070B81CD840}.MinSizeRel|Win32.Build.0 = Release|Win32
		{74F249C2-57DF-4984-9741-2070B81CD840}.MinSizeRel|x64.ActiveCfg = RelWithDebInfo|Win32
		{74F249C2-57DF-4984-9741-2070B81CD840}.MinSizeRel|x64.Build.0 = RelWithDebInfo|Win32
		{74F249C2-57DF-4984-9741-2070B81CD840}.MinSizeRel|x86.ActiveCfg = RelWithDebInfo|Win32
		{74F249C2-57DF-4984-9741-2070B81CD840}.MinSizeRel|x86.Build.0 = RelWithDebInfo|Win32
		{74F249C2-57DF-4984-9741-2070B81CD840}.Release|Mixed Platforms.ActiveCfg = Release|Win32
		{74F249C2-57DF-4984-9741-2070B81CD840}.Release|Mixed Platforms.Build.0 = Release|Win32
		{74F249C2-57DF-4984-9741-2070B81CD840}.Release|Win32.ActiveCfg = Release|Win32
		{74F249C2-57DF-4984-9741-2070B81CD840}.Release|Win32.Build.0 = Release|Win32
		{74F249C2-57DF-4984-9741-2070B81CD840}.Release|x64.ActiveCfg = Release|Win32
		{74F249C2-57DF-4984-9741-2070B81CD840}.Release|x86.ActiveCfg = Release|Win32
		{74F249C2-57DF-4984-9741-2070B81CD840}.Release|x86.Build.0 = Release|Win32
		{74F249C2-57DF-4984-9741-2070B81CD840}.RelWithDebInfo|Mixed Platforms.ActiveCfg = RelWithDebInfo|Win32
		{74F249C2-57DF-4984-9741-2070B81CD840}.RelWithDebInfo|Mixed Platforms.Build.0 = RelWithDebInfo|Win32
		{74F249C2-57DF-4984-9741-2070B81CD840}.RelWithDebInfo|Win32.ActiveCfg = RelWithDebInfo|Win32
		{74F249C2-57DF-4984-9741-2070B81CD840}.RelWithDebInfo|Win32.Build.0 = RelWithDebInfo|Win32
		{74F249C2-57DF-4984-9741-2070B81CD840}.RelWithDebInfo|x64.ActiveCfg = RelWithDebInfo|Win32
		{74F249C2-57DF-4984-9741-2070B81CD840}.RelWithDebInfo|x86.ActiveCfg = RelWithDebInfo|Win32
		{74F249C2-57DF-4984-9741-2070B81CD840}.RelWithDebInfo|x86.Build.0 = RelWithDebInfo|Win32
		{53A88C02-D202-379E-93A7-8B056CE1CE95}.Debug|Mixed Platforms.ActiveCfg = Debug|Win32
		{53A88C02-D202-379E-93A7-8B056CE1CE95}.Debug|Mixed Platforms.Build.0 = Debug|Win32
		{53A88C02-D202-379E-93A7-8B056CE1CE95}.Debug|Win32.ActiveCfg = Debug|Win32
		{53A88C02-D202-379E-93A7-8B056CE1CE95}.Debug|Win32.Build.0 = Debug|Win32
		{53A88C02-D202-379E-93A7-8B056CE1CE95}.Debug|x64.ActiveCfg = Debug|Win32
		{53A88C02-D202-379E-93A7-8B056CE1CE95}.Debug|x86.ActiveCfg = Debug|Win32
		{53A88C02-D202-379E-93A7-8B056CE1CE95}.Debug|x86.Build.0 = Debug|Win32
		{53A88C02-D202-379E-93A7-8B056CE1CE95}.MinSizeRel|Mixed Platforms.ActiveCfg = MinSizeRel|Win32
		{53A88C02-D202-379E-93A7-8B056CE1CE95}.MinSizeRel|Mixed Platforms.Build.0 = MinSizeRel|Win32
		{53A88C02-D202-379E-93A7-8B056CE1CE95}.MinSizeRel|Win32.ActiveCfg = MinSizeRel|Win32
		{53A88C02-D202-379E-93A7-8B056CE1CE95}.MinSizeRel|Win32.Build.0 = MinSizeRel|Win32
		{53A88C02-D202-379E-93A7-8B056CE1CE95}.MinSizeRel|x64.ActiveCfg = MinSizeRel|Win32
		{53A88C02-D202-379E-93A7-8B056CE1CE95}.MinSizeRel|x86.ActiveCfg = MinSizeRel|Win32
		{53A88C02-D202-379E-93A7-8B056CE1CE95}.MinSizeRel|x86.Build.0 = MinSizeRel|Win32
		{53A88C02-D202-379E-93A7-8B056CE1CE95}.Release|Mixed Platforms.ActiveCfg = Release|Win32
		{53A88C02-D202-379E-93A7-8B056CE1CE95}.Release|Mixed Platforms.Build.0 = Release|Win32
		{53A88C02-D202-379E-93A7-8B056CE1CE95}.Release|Win32.ActiveCfg = Release|Win32
		{53A88C02-D202-379E-93A7-8B056CE1CE95}.Release|Win32.Build.0 = Release|Win32
		{53A88C02-D202-379E-93A7-8B056CE1CE95}.Release|x64.ActiveCfg = Release|Win32
		{53A88C02-D202-379E-93A7-8B056CE1CE95}.Release|x86.ActiveCfg = Release|Win32
		{53A88C02-D202-379E-93A7-8B056CE1CE95}.Release|x86.Build.0 = Release|Win32
		{53A88C02-D202-379E-93A7-8B056CE1CE95}.RelWithDebInfo|Mixed Platforms.ActiveCfg = RelWithDebInfo|Win32
		{53A88C02-D202-379E-93A7-8B056CE1CE95}.RelWithDebInfo|Mixed Platforms.Build.0 = RelWithDebInfo|Win32
		{53A88C02-D202-379E-93A7-8B056CE1CE95}.RelWithDebInfo|Win32.ActiveCfg = RelWithDebInfo|Win32
		{53A88C02-D202-379E-93A7-8B056CE1CE95}.RelWithDebInfo|Win32.Build.0 = RelWithDebInfo|Win32
		{53A88C02-D202-379E-93A7-8B056CE1CE95}.RelWithDebInfo|x64.ActiveCfg = RelWithDebInfo|Win32
		{53A88C02-D202-379E-93A7-8B056CE1CE95}.RelWithDebInfo|x86.ActiveCfg = RelWithDebInfo|Win32
		{53A88C02-D202-379E-93A7-8B056CE1CE95}.RelWithDebInfo|x86.Build.0 = RelWithDebInfo|Win32
		{89A11F92-D8D4-3675-B7C2-2E55724A9B72}.Debug|Mixed Platforms.ActiveCfg = Debug|Win32
		{89A11F92-D8D4-3675-B7C2-2E55724A9B72}.Debug|Mixed Platforms.Build.0 = Debug|Win32
		{89A11F92-D8D4-3675-B7C2-2E55724A9B72}.Debug|Win32.ActiveCfg = Debug|Win32
		{89A11F92-D8D4-3675-B7C2-2E55724A9B72}.Debug|Win32.Build.0 = Debug|Win32
		{89A11F92-D8D4-3675-B7C2-2E55724A9B72}.Debug|x64.ActiveCfg = Debug|Win32
		{89A11F92-D8D4-3675-B7C2-2E55724A9B72}.Debug|x86.ActiveCfg = Debug|Win32
		{89A11F92-D8D4-3675-B7C2-2E55724A9B72}.Debug|x86.Build.0 = Debug|Win32
		{89A11F92-D8D4-3675-B7C2-2E55724A9B72}.MinSizeRel|Mixed Platforms.ActiveCfg = MinSizeRel|Win32
		{89A11F92-D8D4-3675-B7C2-2E55724A9B72}.MinSizeRel|Mixed Platforms.Build.0 = MinSizeRel|Win32
		{89A11F92-D8D4-3675-B7C2-2E55724A9B72}.MinSizeRel|Win32.ActiveCfg = MinSizeRel|Win32
		{89A11F92-D8D4-3675-B7C2-2E55724A9B72}.MinSizeRel|Win32.Build.0 = MinSizeRel|Win32
		{89A11F92-D8D4-3675-B7C2-2E55724A9B72}.MinSizeRel|x64.ActiveCfg = MinSizeRel|Win32
		{89A11F92-D8D4-3675-B7C2-2E55724A9B72}.MinSizeRel|x86.ActiveCfg = MinSizeRel|Win32
		{89A11F92-D8D4-3675-B7C2-2E55724A9B72}.MinSizeRel|x86.Build.0 = MinSizeRel|Win32
		{89A11F92-D8D4-3675-B7C2-2E55724A9B72}.Release|Mixed Platforms.ActiveCfg = Release|Win32
		{89A11F92-D8D4-3675-B7C2-2E55724A9B72}.Release|Mixed Platforms.Build.0 = Release|Win32
		{89A11F92-D8D4-3675-B7C2-2E55724A9B72}.Release|Win32.ActiveCfg = Release|Win32
		{89A11F92-D8D4-3675-B7C2-2E55724A9B72}.Release|Win32.Build.0 = Release|Win32
		{89A11F92-D8D4-3675-B7C2-2E55724A9B72}.Release|x64.ActiveCfg = Release|Win32
		{89A11F92-D8D4-3675-B7C2-2E55724A9B72}.Release|x86.ActiveCfg = Release|Win32
		{89A11F92-D8D4-3675-B7C2-2E55724A9B72}.Release|x86.Build.0 = Release|Win32
		{89A11F92-D8D4-3675-B7C2-2E55724A9B72}.RelWithDebInfo|Mixed Platforms.ActiveCfg = RelWithDebInfo|Win32
		{89A11F92-D8D4-3675-B7C2-2E55724A9B72}.RelWithDebInfo|Mixed Platforms.Build.0 = RelWithDebInfo|Win32
		{89A11F92-D8D4-3675-B7C2-2E55724A9B72}.RelWithDebInfo|Win32.ActiveCfg = RelWithDebInfo|Win32
		{89A11F92-D8D4-3675-B7C2-2E55724A9B72}.RelWithDebInfo|Win32.Build.0 = RelWithDebInfo|Win32
		{89A11F92-D8D4-3675-B7C2-2E55724A9B72}.RelWithDebInfo|x64.ActiveCfg = RelWithDebInfo|Win32
		{89A11F92-D8D4-3675-B7C2-2E55724A9B72}.RelWithDebInfo|x86.ActiveCfg = RelWithDebInfo|Win32
		{89A11F92-D8D4-3675-B7C2-2E55724A9B72}.RelWithDebInfo|x86.Build.0 = RelWithDebInfo|Win32
		{7C41DC6A-ACEE-3D4E-8A79-859E7A1D7AA4}.Debug|Mixed Platforms.ActiveCfg = Debug|Win32
		{7C41DC6A-ACEE-3D4E-8A79-859E7A1D7AA4}.Debug|Mixed Platforms.Build.0 = Debug|Win32
		{7C41DC6A-ACEE-3D4E-8A79-859E7A1D7AA4}.Debug|Win32.ActiveCfg = Debug|Win32
		{7C41DC6A-ACEE-3D4E-8A79-859E7A1D7AA4}.Debug|Win32.Build.0 = Debug|Win32
		{7C41DC6A-ACEE-3D4E-8A79-859E7A1D7AA4}.Debug|x64.ActiveCfg = Debug|Win32
		{7C41DC6A-ACEE-3D4E-8A79-859E7A1D7AA4}.Debug|x64.Build.0 = Debug|Win32
		{7C41DC6A-ACEE-3D4E-8A79-859E7A1D7AA4}.Debug|x86.ActiveCfg = Debug|Win32
		{7C41DC6A-ACEE-3D4E-8A79-859E7A1D7AA4}.Debug|x86.Build.0 = Debug|Win32
		{7C41DC6A-ACEE-3D4E-8A79-859E7A1D7AA4}.MinSizeRel|Mixed Platforms.ActiveCfg = MinSizeRel|Win32
		{7C41DC6A-ACEE-3D4E-8A79-859E7A1D7AA4}.MinSizeRel|Mixed Platforms.Build.0 = MinSizeRel|Win32
		{7C41DC6A-ACEE-3D4E-8A79-859E7A1D7AA4}.MinSizeRel|Win32.ActiveCfg = MinSizeRel|Win32
		{7C41DC6A-ACEE-3D4E-8A79-859E7A1D7AA4}.MinSizeRel|Win32.Build.0 = MinSizeRel|Win32
		{7C41DC6A-ACEE-3D4E-8A79-859E7A1D7AA4}.MinSizeRel|x64.ActiveCfg = MinSizeRel|Win32
		{7C41DC6A-ACEE-3D4E-8A79-859E7A1D7AA4}.MinSizeRel|x86.ActiveCfg = MinSizeRel|Win32
		{7C41DC6A-ACEE-3D4E-8A79-859E7A1D7AA4}.MinSizeRel|x86.Build.0 = MinSizeRel|Win32
		{7C41DC6A-ACEE-3D4E-8A79-859E7A1D7AA4}.Release|Mixed Platforms.ActiveCfg = Release|Win32
		{7C41DC6A-ACEE-3D4E-8A79-859E7A1D7AA4}.Release|Mixed Platforms.Build.0 = Release|Win32
		{7C41DC6A-ACEE-3D4E-8A79-859E7A1D7AA4}.Release|Win32.ActiveCfg = Release|Win32
		{7C41DC6A-ACEE-3D4E-8A79-859E7A1D7AA4}.Release|x64.ActiveCfg = Release|Win32
		{7C41DC6A-ACEE-3D4E-8A79-859E7A1D7AA4}.Release|x86.ActiveCfg = Release|Win32
		{7C41DC6A-ACEE-3D4E-8A79-859E7A1D7AA4}.Release|x86.Build.0 = Release|Win32
		{7C41DC6A-ACEE-3D4E-8A79-859E7A1D7AA4}.RelWithDebInfo|Mixed Platforms.ActiveCfg = RelWithDebInfo|Win32
		{7C41DC6A-ACEE-3D4E-8A79-859E7A1D7AA4}.RelWithDebInfo|Mixed Platforms.Build.0 = RelWithDebInfo|Win32
		{7C41DC6A-ACEE-3D4E-8A79-859E7A1D7AA4}.RelWithDebInfo|Win32.ActiveCfg = RelWithDebInfo|Win32
		{7C41DC6A-ACEE-3D4E-8A79-859E7A1D7AA4}.RelWithDebInfo|Win32.Build.0 = RelWithDebInfo|Win32
		{7C41DC6A-ACEE-3D4E-8A79-859E7A1D7AA4}.RelWithDebInfo|x64.ActiveCfg = RelWithDebInfo|Win32
		{7C41DC6A-ACEE-3D4E-8A79-859E7A1D7AA4}.RelWithDebInfo|x86.ActiveCfg = RelWithDebInfo|Win32
		{7C41DC6A-ACEE-3D4E-8A79-859E7A1D7AA4}.RelWithDebInfo|x86.Build.0 = RelWithDebInfo|Win32
		{EE504BF4-F574-3B62-B652-323639295C6E}.Debug|Mixed Platforms.ActiveCfg = Debug|Win32
		{EE504BF4-F574-3B62-B652-323639295C6E}.Debug|Mixed Platforms.Build.0 = Debug|Win32
		{EE504BF4-F574-3B62-B652-323639295C6E}.Debug|Win32.ActiveCfg = Debug|Win32
		{EE504BF4-F574-3B62-B652-323639295C6E}.Debug|Win32.Build.0 = Debug|Win32
		{EE504BF4-F574-3B62-B652-323639295C6E}.Debug|x64.ActiveCfg = Debug|Win32
		{EE504BF4-F574-3B62-B652-323639295C6E}.Debug|x86.ActiveCfg = Debug|Win32
		{EE504BF4-F574-3B62-B652-323639295C6E}.Debug|x86.Build.0 = Debug|Win32
		{EE504BF4-F574-3B62-B652-323639295C6E}.MinSizeRel|Mixed Platforms.ActiveCfg = MinSizeRel|Win32
		{EE504BF4-F574-3B62-B652-323639295C6E}.MinSizeRel|Mixed Platforms.Build.0 = MinSizeRel|Win32
		{EE504BF4-F574-3B62-B652-323639295C6E}.MinSizeRel|Win32.ActiveCfg = MinSizeRel|Win32
		{EE504BF4-F574-3B62-B652-323639295C6E}.MinSizeRel|Win32.Build.0 = MinSizeRel|Win32
		{EE504BF4-F574-3B62-B652-323639295C6E}.MinSizeRel|x64.ActiveCfg = MinSizeRel|Win32
		{EE504BF4-F574-3B62-B652-323639295C6E}.MinSizeRel|x86.ActiveCfg = MinSizeRel|Win32
		{EE504BF4-F574-3B62-B652-323639295C6E}.MinSizeRel|x86.Build.0 = MinSizeRel|Win32
		{EE504BF4-F574-3B62-B652-323639295C6E}.Release|Mixed Platforms.ActiveCfg = Release|Win32
		{EE504BF4-F574-3B62-B652-323639295C6E}.Release|Mixed Platforms.Build.0 = Release|Win32
		{EE504BF4-F574-3B62-B652-323639295C6E}.Release|Win32.ActiveCfg = Release|Win32
		{EE504BF4-F574-3B62-B652-323639295C6E}.Release|Win32.Build.0 = Release|Win32
		{EE504BF4-F574-3B62-B652-323639295C6E}.Release|x64.ActiveCfg = Release|Win32
		{EE504BF4-F574-3B62-B652-323639295C6E}.Release|x86.ActiveCfg = Release|Win32
		{EE504BF4-F574-3B62-B652-323639295C6E}.Release|x86.Build.0 = Release|Win32
		{EE504BF4-F574-3B62-B652-323639295C6E}.RelWithDebInfo|Mixed Platforms.ActiveCfg = RelWithDebInfo|Win32
		{EE504BF4-F574-3B62-B652-323639295C6E}.RelWithDebInfo|Mixed Platforms.Build.0 = RelWithDebInfo|Win32
		{EE504BF4-F574-3B62-B652-323639295C6E}.RelWithDebInfo|Win32.ActiveCfg = RelWithDebInfo|Win32
		{EE504BF4-F574-3B62-B652-323639295C6E}.RelWithDebInfo|Win32.Build.0 = RelWithDebInfo|Win32
		{EE504BF4-F574-3B62-B652-323639295C6E}.RelWithDebInfo|x64.ActiveCfg = RelWithDebInfo|Win32
		{EE504BF4-F574-3B62-B652-323639295C6E}.RelWithDebInfo|x86.ActiveCfg = RelWithDebInfo|Win32
		{EE504BF4-F574-3B62-B652-323639295C6E}.RelWithDebInfo|x86.Build.0 = RelWithDebInfo|Win32
		{63A25D90-3638-3C08-98F5-E2BE6A0A9577}.Debug|Mixed Platforms.ActiveCfg = Debug|Win32
		{63A25D90-3638-3C08-98F5-E2BE6A0A9577}.Debug|Mixed Platforms.Build.0 = Debug|Win32
		{63A25D90-3638-3C08-98F5-E2BE6A0A9577}.Debug|Win32.ActiveCfg = Debug|Win32
		{63A25D90-3638-3C08-98F5-E2BE6A0A9577}.Debug|Win32.Build.0 = Debug|Win32
		{63A25D90-3638-3C08-98F5-E2BE6A0A9577}.Debug|x64.ActiveCfg = Debug|Win32
		{63A25D90-3638-3C08-98F5-E2BE6A0A9577}.Debug|x86.ActiveCfg = Debug|Win32
		{63A25D90-3638-3C08-98F5-E2BE6A0A9577}.Debug|x86.Build.0 = Debug|Win32
		{63A25D90-3638-3C08-98F5-E2BE6A0A9577}.MinSizeRel|Mixed Platforms.ActiveCfg = MinSizeRel|Win32
		{63A25D90-3638-3C08-98F5-E2BE6A0A9577}.MinSizeRel|Mixed Platforms.Build.0 = MinSizeRel|Win32
		{63A25D90-3638-3C08-98F5-E2BE6A0A9577}.MinSizeRel|Win32.ActiveCfg = MinSizeRel|Win32
		{63A25D90-3638-3C08-98F5-E2BE6A0A9577}.MinSizeRel|Win32.Build.0 = MinSizeRel|Win32
		{63A25D90-3638-3C08-98F5-E2BE6A0A9577}.MinSizeRel|x64.ActiveCfg = MinSizeRel|Win32
		{63A25D90-3638-3C08-98F5-E2BE6A0A9577}.MinSizeRel|x86.ActiveCfg = MinSizeRel|Win32
		{63A25D90-3638-3C08-98F5-E2BE6A0A9577}.MinSizeRel|x86.Build.0 = MinSizeRel|Win32
		{63A25D90-3638-3C08-98F5-E2BE6A0A9577}.Release|Mixed Platforms.ActiveCfg = Release|Win32
		{63A25D90-3638-3C08-98F5-E2BE6A0A9577}.Release|Mixed Platforms.Build.0 = Release|Win32
		{63A25D90-3638-3C08-98F5-E2BE6A0A9577}.Release|Win32.ActiveCfg = Release|Win32
		{63A25D90-3638-3C08-98F5-E2BE6A0A9577}.Release|Win32.Build.0 = Release|Win32
		{63A25D90-3638-3C08-98F5-E2BE6A0A9577}.Release|x64.ActiveCfg = Release|Win32
		{63A25D90-3638-3C08-98F5-E2BE6A0A9577}.Release|x86.ActiveCfg = Release|Win32
		{63A25D90-3638-3C08-98F5-E2BE6A0A9577}.Release|x86.Build.0 = Release|Win32
		{63A25D90-3638-3C08-98F5-E2BE6A0A9577}.RelWithDebInfo|Mixed Platforms.ActiveCfg = RelWithDebInfo|Win32
		{63A25D90-3638-3C08-98F5-E2BE6A0A9577}.RelWithDebInfo|Mixed Platforms.Build.0 = RelWithDebInfo|Win32
		{63A25D90-3638-3C08-98F5-E2BE6A0A9577}.RelWithDebInfo|Win32.ActiveCfg = RelWithDebInfo|Win32
		{63A25D90-3638-3C08-98F5-E2BE6A0A9577}.RelWithDebInfo|Win32.Build.0 = RelWithDebInfo|Win32
		{63A25D90-3638-3C08-98F5-E2BE6A0A9577}.RelWithDebInfo|x64.ActiveCfg = RelWithDebInfo|Win32
		{63A25D90-3638-3C08-98F5-E2BE6A0A9577}.RelWithDebInfo|x86.ActiveCfg = RelWithDebInfo|Win32
		{63A25D90-3638-3C08-98F5-E2BE6A0A9577}.RelWithDebInfo|x86.Build.0 = RelWithDebInfo|Win32
	EndGlobalSection
	GlobalSection(SolutionProperties) = preSolution
		HideSolutionNode = FALSE
	EndGlobalSection
	GlobalSection(ExtensibilityGlobals) = postSolution
		SolutionGuid = {638CB4B9-FF4C-4162-8068-402388FDFBFA}
	EndGlobalSection
EndGlobal
